// !$*UTF8*$!
{
	archiveVersion = 1;
	classes = {
	};
	objectVersion = 55;
	objects = {

/* Begin PBXBuildFile section */
		879FFFDD2714C7A9002DCE20 /* main.cpp in Sources */ = {isa = PBXBuildFile; fileRef = 879FFFDC2714C7A9002DCE20 /* main.cpp */; };
		87E6400E2717551400F054AF /* BankAccount.cpp in Sources */ = {isa = PBXBuildFile; fileRef = 87E6400C2717551400F054AF /* BankAccount.cpp */; };
		87E640112717684D00F054AF /* CS1Line.cpp in Sources */ = {isa = PBXBuildFile; fileRef = 87E6400F2717684D00F054AF /* CS1Line.cpp */; };
		87E6401427176C0900F054AF /* Circle.cpp in Sources */ = {isa = PBXBuildFile; fileRef = 87E6401227176C0900F054AF /* Circle.cpp */; };
/* End PBXBuildFile section */

/* Begin PBXCopyFilesBuildPhase section */
		879FFFD72714C7A9002DCE20 /* CopyFiles */ = {
			isa = PBXCopyFilesBuildPhase;
			buildActionMask = 2147483647;
			dstPath = /usr/share/man/man1/;
			dstSubfolderSpec = 0;
			files = (
			);
			runOnlyForDeploymentPostprocessing = 1;
		};
/* End PBXCopyFilesBuildPhase section */

/* Begin PBXFileReference section */
		879FFFD92714C7A9002DCE20 /* Midterm-Prep */ = {isa = PBXFileReference; explicitFileType = "compiled.mach-o.executable"; includeInIndex = 0; path = "Midterm-Prep"; sourceTree = BUILT_PRODUCTS_DIR; };
		879FFFDC2714C7A9002DCE20 /* main.cpp */ = {isa = PBXFileReference; lastKnownFileType = sourcecode.cpp.cpp; path = main.cpp; sourceTree = "<group>"; };
		87E6400C2717551400F054AF /* BankAccount.cpp */ = {isa = PBXFileReference; lastKnownFileType = sourcecode.cpp.cpp; path = BankAccount.cpp; sourceTree = "<group>"; };
		87E6400D2717551400F054AF /* BankAccount.hpp */ = {isa = PBXFileReference; lastKnownFileType = sourcecode.cpp.h; path = BankAccount.hpp; sourceTree = "<group>"; };
		87E6400F2717684D00F054AF /* CS1Line.cpp */ = {isa = PBXFileReference; lastKnownFileType = sourcecode.cpp.cpp; path = CS1Line.cpp; sourceTree = "<group>"; };
		87E640102717684D00F054AF /* CS1Line.hpp */ = {isa = PBXFileReference; lastKnownFileType = sourcecode.cpp.h; path = CS1Line.hpp; sourceTree = "<group>"; };
		87E6401227176C0900F054AF /* Circle.cpp */ = {isa = PBXFileReference; lastKnownFileType = sourcecode.cpp.cpp; path = Circle.cpp; sourceTree = "<group>"; };
		87E6401327176C0900F054AF /* Circle.hpp */ = {isa = PBXFileReference; lastKnownFileType = sourcecode.cpp.h; path = Circle.hpp; sourceTree = "<group>"; };
/* End PBXFileReference section */

/* Begin PBXFrameworksBuildPhase section */
		879FFFD62714C7A9002DCE20 /* Frameworks */ = {
			isa = PBXFrameworksBuildPhase;
			buildActionMask = 2147483647;
			files = (
			);
			runOnlyForDeploymentPostprocessing = 0;
		};
/* End PBXFrameworksBuildPhase section */

/* Begin PBXGroup section */
		879FFFD02714C7A9002DCE20 = {
			isa = PBXGroup;
			children = (
				879FFFDB2714C7A9002DCE20 /* Midterm-Prep */,
				879FFFDA2714C7A9002DCE20 /* Products */,
			);
			sourceTree = "<group>";
		};
		879FFFDA2714C7A9002DCE20 /* Products */ = {
			isa = PBXGroup;
			children = (
				879FFFD92714C7A9002DCE20 /* Midterm-Prep */,
			);
			name = Products;
			sourceTree = "<group>";
		};
		879FFFDB2714C7A9002DCE20 /* Midterm-Prep */ = {
			isa = PBXGroup;
			children = (
				879FFFDC2714C7A9002DCE20 /* main.cpp */,
				87E6401227176C0900F054AF /* Circle.cpp */,
				87E6401327176C0900F054AF /* Circle.hpp */,
				87E6400F2717684D00F054AF /* CS1Line.cpp */,
				87E640102717684D00F054AF /* CS1Line.hpp */,
				87E6400C2717551400F054AF /* BankAccount.cpp */,
				87E6400D2717551400F054AF /* BankAccount.hpp */,
			);
			path = "Midterm-Prep";
			sourceTree = "<group>";
		};
/* End PBXGroup section */

/* Begin PBXNativeTarget section */
		879FFFD82714C7A9002DCE20 /* Midterm-Prep */ = {
			isa = PBXNativeTarget;
			buildConfigurationList = 879FFFE02714C7A9002DCE20 /* Build configuration list for PBXNativeTarget "Midterm-Prep" */;
			buildPhases = (
				879FFFD52714C7A9002DCE20 /* Sources */,
				879FFFD62714C7A9002DCE20 /* Frameworks */,
				879FFFD72714C7A9002DCE20 /* CopyFiles */,
			);
			buildRules = (
			);
			dependencies = (
			);
			name = "Midterm-Prep";
			productName = "Midterm-Prep";
			productReference = 879FFFD92714C7A9002DCE20 /* Midterm-Prep */;
			productType = "com.apple.product-type.tool";
		};
/* End PBXNativeTarget section */

/* Begin PBXProject section */
		879FFFD12714C7A9002DCE20 /* Project object */ = {
			isa = PBXProject;
			attributes = {
				BuildIndependentTargetsInParallel = 1;
				LastUpgradeCheck = 1300;
				TargetAttributes = {
					879FFFD82714C7A9002DCE20 = {
						CreatedOnToolsVersion = 13.0;
					};
				};
			};
			buildConfigurationList = 879FFFD42714C7A9002DCE20 /* Build configuration list for PBXProject "Midterm-Prep" */;
			compatibilityVersion = "Xcode 13.0";
			developmentRegion = en;
			hasScannedForEncodings = 0;
			knownRegions = (
				en,
				Base,
			);
			mainGroup = 879FFFD02714C7A9002DCE20;
			productRefGroup = 879FFFDA2714C7A9002DCE20 /* Products */;
			projectDirPath = "";
			projectRoot = "";
			targets = (
				879FFFD82714C7A9002DCE20 /* Midterm-Prep */,
			);
		};
/* End PBXProject section */

/* Begin PBXSourcesBuildPhase section */
		879FFFD52714C7A9002DCE20 /* Sources */ = {
			isa = PBXSourcesBuildPhase;
			buildActionMask = 2147483647;
			files = (
				879FFFDD2714C7A9002DCE20 /* main.cpp in Sources */,
				87E6401427176C0900F054AF /* Circle.cpp in Sources */,
				87E6400E2717551400F054AF /* BankAccount.cpp in Sources */,
				87E640112717684D00F054AF /* CS1Line.cpp in Sources */,
			);
			runOnlyForDeploymentPostprocessing = 0;
		};
/* End PBXSourcesBuildPhase section */

/* Begin XCBuildConfiguration section */
		879FFFDE2714C7A9002DCE20 /* Debug */ = {
			isa = XCBuildConfiguration;
			buildSettings = {
				ALWAYS_SEARCH_USER_PATHS = NO;
				CLANG_ANALYZER_NONNULL = YES;
				CLANG_ANALYZER_NUMBER_OBJECT_CONVERSION = YES_AGGRESSIVE;
				CLANG_CXX_LANGUAGE_STANDARD = "gnu++17";
				CLANG_CXX_LIBRARY = "libc++";
				CLANG_ENABLE_MODULES = YES;
				CLANG_ENABLE_OBJC_ARC = YES;
				CLANG_ENABLE_OBJC_WEAK = YES;
				CLANG_WARN_BLOCK_CAPTURE_AUTORELEASING = YES;
				CLANG_WARN_BOOL_CONVERSION = YES;
				CLANG_WARN_COMMA = YES;
				CLANG_WARN_CONSTANT_CONVERSION = YES;
				CLANG_WARN_DEPRECATED_OBJC_IMPLEMENTATIONS = YES;
				CLANG_WARN_DIRECT_OBJC_ISA_USAGE = YES_ERROR;
				CLANG_WARN_DOCUMENTATION_COMMENTS = YES;
				CLANG_WARN_EMPTY_BODY = YES;
				CLANG_WARN_ENUM_CONVERSION = YES;
				CLANG_WARN_INFINITE_RECURSION = YES;
				CLANG_WARN_INT_CONVERSION = YES;
				CLANG_WARN_NON_LITERAL_NULL_CONVERSION = YES;
				CLANG_WARN_OBJC_IMPLICIT_RETAIN_SELF = YES;
				CLANG_WARN_OBJC_LITERAL_CONVERSION = YES;
				CLANG_WARN_OBJC_ROOT_CLASS = YES_ERROR;
				CLANG_WARN_QUOTED_INCLUDE_IN_FRAMEWORK_HEADER = YES;
				CLANG_WARN_RANGE_LOOP_ANALYSIS = YES;
				CLANG_WARN_STRICT_PROTOTYPES = YES;
				CLANG_WARN_SUSPICIOUS_MOVE = YES;
				CLANG_WARN_UNGUARDED_AVAILABILITY = YES_AGGRESSIVE;
				CLANG_WARN_UNREACHABLE_CODE = YES;
				CLANG_WARN__DUPLICATE_METHOD_MATCH = YES;
				COPY_PHASE_STRIP = NO;
				DEBUG_INFORMATION_FORMAT = dwarf;
				ENABLE_STRICT_OBJC_MSGSEND = YES;
				ENABLE_TESTABILITY = YES;
				GCC_C_LANGUAGE_STANDARD = gnu11;
				GCC_DYNAMIC_NO_PIC = NO;
				GCC_NO_COMMON_BLOCKS = YES;
				GCC_OPTIMIZATION_LEVEL = 0;
				GCC_PREPROCESSOR_DEFINITIONS = (
					"DEBUG=1",
					"$(inherited)",
				);
				GCC_WARN_64_TO_32_BIT_CONVERSION = YES;
				GCC_WARN_ABOUT_RETURN_TYPE = YES_ERROR;
				GCC_WARN_UNDECLARED_SELECTOR = YES;
				GCC_WARN_UNINITIALIZED_AUTOS = YES_AGGRESSIVE;
				GCC_WARN_UNUSED_FUNCTION = YES;
				GCC_WARN_UNUSED_VARIABLE = YES;
				MACOSX_DEPLOYMENT_TARGET = 11.3;
				MTL_ENABLE_DEBUG_INFO = INCLUDE_SOURCE;
				MTL_FAST_MATH = YES;
				ONLY_ACTIVE_ARCH = YES;
				SDKROOT = macosx;
			};
			name = Debug;
		};
		879FFFDF2714C7A9002DCE20 /* Release */ = {
			isa = XCBuildConfiguration;
			buildSettings = {
				ALWAYS_SEARCH_USER_PATHS = NO;
				CLANG_ANALYZER_NONNULL = YES;
				CLANG_ANALYZER_NUMBER_OBJECT_CONVERSION = YES_AGGRESSIVE;
				CLANG_CXX_LANGUAGE_STANDARD = "gnu++17";
				CLANG_CXX_LIBRARY = "libc++";
				CLANG_ENABLE_MODULES = YES;
				CLANG_ENABLE_OBJC_ARC = YES;
				CLANG_ENABLE_OBJC_WEAK = YES;
				CLANG_WARN_BLOCK_CAPTURE_AUTORELEASING = YES;
				CLANG_WARN_BOOL_CONVERSION = YES;
				CLANG_WARN_COMMA = YES;
				CLANG_WARN_CONSTANT_CONVERSION = YES;
				CLANG_WARN_DEPRECATED_OBJC_IMPLEMENTATIONS = YES;
				CLANG_WARN_DIRECT_OBJC_ISA_USAGE = YES_ERROR;
				CLANG_WARN_DOCUMENTATION_COMMENTS = YES;
				CLANG_WARN_EMPTY_BODY = YES;
				CLANG_WARN_ENUM_CONVERSION = YES;
				CLANG_WARN_INFINITE_RECURSION = YES;
				CLANG_WARN_INT_CONVERSION = YES;
				CLANG_WARN_NON_LITERAL_NULL_CONVERSION = YES;
				CLANG_WARN_OBJC_IMPLICIT_RETAIN_SELF = YES;
				CLANG_WARN_OBJC_LITERAL_CONVERSION = YES;
				CLANG_WARN_OBJC_ROOT_CLASS = YES_ERROR;
				CLANG_WARN_QUOTED_INCLUDE_IN_FRAMEWORK_HEADER = YES;
				CLANG_WARN_RANGE_LOOP_ANALYSIS = YES;
				CLANG_WARN_STRICT_PROTOTYPES = YES;
				CLANG_WARN_SUSPICIOUS_MOVE = YES;
				CLANG_WARN_UNGUARDED_AVAILABILITY = YES_AGGRESSIVE;
				CLANG_WARN_UNREACHABLE_CODE = YES;
				CLANG_WARN__DUPLICATE_METHOD_MATCH = YES;
				COPY_PHASE_STRIP = NO;
				DEBUG_INFORMATION_FORMAT = "dwarf-with-dsym";
				ENABLE_NS_ASSERTIONS = NO;
				ENABLE_STRICT_OBJC_MSGSEND = YES;
				GCC_C_LANGUAGE_STANDARD = gnu11;
				GCC_NO_COMMON_BLOCKS = YES;
				GCC_WARN_64_TO_32_BIT_CONVERSION = YES;
				GCC_WARN_ABOUT_RETURN_TYPE = YES_ERROR;
				GCC_WARN_UNDECLARED_SELECTOR = YES;
				GCC_WARN_UNINITIALIZED_AUTOS = YES_AGGRESSIVE;
				GCC_WARN_UNUSED_FUNCTION = YES;
				GCC_WARN_UNUSED_VARIABLE = YES;
				MACOSX_DEPLOYMENT_TARGET = 11.3;
				MTL_ENABLE_DEBUG_INFO = NO;
				MTL_FAST_MATH = YES;
				SDKROOT = macosx;
			};
			name = Release;
		};
		879FFFE12714C7A9002DCE20 /* Debug */ = {
			isa = XCBuildConfiguration;
			buildSettings = {
				CODE_SIGN_STYLE = Automatic;
				PRODUCT_NAME = "$(TARGET_NAME)";
			};
			name = Debug;
		};
		879FFFE22714C7A9002DCE20 /* Release */ = {
			isa = XCBuildConfiguration;
			buildSettings = {
				CODE_SIGN_STYLE = Automatic;
				PRODUCT_NAME = "$(TARGET_NAME)";
			};
			name = Release;
		};
/* End XCBuildConfiguration section */

/* Begin XCConfigurationList section */
		879FFFD42714C7A9002DCE20 /* Build configuration list for PBXProject "Midterm-Prep" */ = {
			isa = XCConfigurationList;
			buildConfigurations = (
				879FFFDE2714C7A9002DCE20 /* Debug */,
				879FFFDF2714C7A9002DCE20 /* Release */,
			);
			defaultConfigurationIsVisible = 0;
			defaultConfigurationName = Release;
		};
		879FFFE02714C7A9002DCE20 /* Build configuration list for PBXNativeTarget "Midterm-Prep" */ = {
			isa = XCConfigurationList;
			buildConfigurations = (
				879FFFE12714C7A9002DCE20 /* Debug */,
				879FFFE22714C7A9002DCE20 /* Release */,
			);
			defaultConfigurationIsVisible = 0;
			defaultConfigurationName = Release;
		};
/* End XCConfigurationList section */
	};
	rootObject = 879FFFD12714C7A9002DCE20 /* Project object */;
}
